
Microsoft Visual Studio Solution File, Format Version 12.00
# Visual Studio Version 16
VisualStudioVersion = 16.0.30804.86
MinimumVisualStudioVersion = 10.0.40219.1
Project("{9A19103F-16F7-4668-BE54-9A1E7A4F7556}") = "EmployeeAuthenticationWebAPI", "EmployeeAuthenticationWebAPI.csproj", "{EA6541F1-719C-434D-BDDC-7274043D15E8}"
EndProject
Global
	GlobalSection(SolutionConfigurationPlatforms) = preSolution
		Debug|Any CPU = Debug|Any CPU
		Release|Any CPU = Release|Any CPU
	EndGlobalSection
	GlobalSection(ProjectConfigurationPlatforms) = postSolution
		{EA6541F1-719C-434D-BDDC-7274043D15E8}.Debug|Any CPU.ActiveCfg = Debug|Any CPU
		{EA6541F1-719C-434D-BDDC-7274043D15E8}.Debug|Any CPU.Build.0 = Debug|Any CPU
		{EA6541F1-719C-434D-BDDC-7274043D15E8}.Release|Any CPU.ActiveCfg = Release|Any CPU
		{EA6541F1-719C-434D-BDDC-7274043D15E8}.Release|Any CPU.Build.0 = Release|Any CPU
	EndGlobalSection
	GlobalSection(SolutionProperties) = preSolution
		HideSolutionNode = FALSE
	EndGlobalSection
	GlobalSection(ExtensibilityGlobals) = postSolution
		SolutionGuid = {9EB478BB-6FE7-4338-AF06-171758AB015A}
	EndGlobalSection
EndGlobal
